
Microsoft Visual Studio Solution File, Format Version 12.00
# Visual Studio Version 16
VisualStudioVersion = 16.0.28922.388
MinimumVisualStudioVersion = 10.0.40219.1
Project("{FAE04EC0-301F-11D3-BF4B-00C04F79EFBC}") = "AminatK", "AminatK\AminatK.csproj", "{FD97AD5C-48B3-417C-804B-2269DBABB928}"
EndProject
Global
	GlobalSection(SolutionConfigurationPlatforms) = preSolution
		Debug|Any CPU = Debug|Any CPU
		Release|Any CPU = Release|Any CPU
	EndGlobalSection
	GlobalSection(ProjectConfigurationPlatforms) = postSolution
		{FD97AD5C-48B3-417C-804B-2269DBABB928}.Debug|Any CPU.ActiveCfg = Debug|Any CPU
		{FD97AD5C-48B3-417C-804B-2269DBABB928}.Debug|Any CPU.Build.0 = Debug|Any CPU
		{FD97AD5C-48B3-417C-804B-2269DBABB928}.Release|Any CPU.ActiveCfg = Release|Any CPU
		{FD97AD5C-48B3-417C-804B-2269DBABB928}.Release|Any CPU.Build.0 = Release|Any CPU
	EndGlobalSection
	GlobalSection(SolutionProperties) = preSolution
		HideSolutionNode = FALSE
	EndGlobalSection
	GlobalSection(ExtensibilityGlobals) = postSolution
		SolutionGuid = {61BD93CB-2026-4565-BFB0-CD5F82B7F4E9}
	EndGlobalSection
EndGlobal
